
Microsoft Visual Studio Solution File, Format Version 12.00
# Visual Studio 15
VisualStudioVersion = 15.0.28307.106
MinimumVisualStudioVersion = 10.0.40219.1
Project("{8BC9CEB8-8B4A-11D0-8D11-00A0C91BC942}") = "Class_fourth_class_of_cb", "Class_fourth_class_of_cb\Class_fourth_class_of_cb.vcxproj", "{5BE73352-5979-43F6-8B22-DC8CEE6029FA}"
EndProject
Project("{8BC9CEB8-8B4A-11D0-8D11-00A0C91BC942}") = "Class_fifth", "Class_fifth\Class_fifth.vcxproj", "{EF19E43F-2D4B-42BC-9A2C-1661A88E88ED}"
EndProject
Project("{8BC9CEB8-8B4A-11D0-8D11-00A0C91BC942}") = "Class_sisth", "Class_sisth\Class_sisth.vcxproj", "{5145667F-A54E-4208-9FA4-13B42B75583C}"
EndProject
Project("{8BC9CEB8-8B4A-11D0-8D11-00A0C91BC942}") = "Class_seventh_design", "Class_seventh_design\Class_seventh_design.vcxproj", "{40C82B52-CD1F-4D61-8D29-8B59869F167D}"
EndProject
Project("{8BC9CEB8-8B4A-11D0-8D11-00A0C91BC942}") = "Class_first", "Class_first\Class_first\Class_first.vcxproj", "{95394226-0889-444F-868A-E6557E7A3F92}"
EndProject
Project("{8BC9CEB8-8B4A-11D0-8D11-00A0C91BC942}") = "Class_second", "Class_second\Class_second\Class_second.vcxproj", "{F3EAAFD3-905A-4807-81ED-F960795B1821}"
EndProject
Project("{8BC9CEB8-8B4A-11D0-8D11-00A0C91BC942}") = "Class_thrid_copyfunc", "Class_thrid_copyfunc\Class_thrid_copyfunc.vcxproj", "{55672F8A-FDDB-4E7D-8BB8-40CBADC6C2F1}"
EndProject
Global
	GlobalSection(SolutionConfigurationPlatforms) = preSolution
		Debug|x64 = Debug|x64
		Debug|x86 = Debug|x86
		Release|x64 = Release|x64
		Release|x86 = Release|x86
	EndGlobalSection
	GlobalSection(ProjectConfigurationPlatforms) = postSolution
		{5BE73352-5979-43F6-8B22-DC8CEE6029FA}.Debug|x64.ActiveCfg = Debug|x64
		{5BE73352-5979-43F6-8B22-DC8CEE6029FA}.Debug|x64.Build.0 = Debug|x64
		{5BE73352-5979-43F6-8B22-DC8CEE6029FA}.Debug|x86.ActiveCfg = Debug|Win32
		{5BE73352-5979-43F6-8B22-DC8CEE6029FA}.Debug|x86.Build.0 = Debug|Win32
		{5BE73352-5979-43F6-8B22-DC8CEE6029FA}.Release|x64.ActiveCfg = Release|x64
		{5BE73352-5979-43F6-8B22-DC8CEE6029FA}.Release|x64.Build.0 = Release|x64
		{5BE73352-5979-43F6-8B22-DC8CEE6029FA}.Release|x86.ActiveCfg = Release|Win32
		{5BE73352-5979-43F6-8B22-DC8CEE6029FA}.Release|x86.Build.0 = Release|Win32
		{EF19E43F-2D4B-42BC-9A2C-1661A88E88ED}.Debug|x64.ActiveCfg = Debug|x64
		{EF19E43F-2D4B-42BC-9A2C-1661A88E88ED}.Debug|x64.Build.0 = Debug|x64
		{EF19E43F-2D4B-42BC-9A2C-1661A88E88ED}.Debug|x86.ActiveCfg = Debug|Win32
		{EF19E43F-2D4B-42BC-9A2C-1661A88E88ED}.Debug|x86.Build.0 = Debug|Win32
		{EF19E43F-2D4B-42BC-9A2C-1661A88E88ED}.Release|x64.ActiveCfg = Release|x64
		{EF19E43F-2D4B-42BC-9A2C-1661A88E88ED}.Release|x64.Build.0 = Release|x64
		{EF19E43F-2D4B-42BC-9A2C-1661A88E88ED}.Release|x86.ActiveCfg = Release|Win32
		{EF19E43F-2D4B-42BC-9A2C-1661A88E88ED}.Release|x86.Build.0 = Release|Win32
		{5145667F-A54E-4208-9FA4-13B42B75583C}.Debug|x64.ActiveCfg = Debug|x64
		{5145667F-A54E-4208-9FA4-13B42B75583C}.Debug|x64.Build.0 = Debug|x64
		{5145667F-A54E-4208-9FA4-13B42B75583C}.Debug|x86.ActiveCfg = Debug|Win32
		{5145667F-A54E-4208-9FA4-13B42B75583C}.Debug|x86.Build.0 = Debug|Win32
		{5145667F-A54E-4208-9FA4-13B42B75583C}.Release|x64.ActiveCfg = Release|x64
		{5145667F-A54E-4208-9FA4-13B42B75583C}.Release|x64.Build.0 = Release|x64
		{5145667F-A54E-4208-9FA4-13B42B75583C}.Release|x86.ActiveCfg = Release|Win32
		{5145667F-A54E-4208-9FA4-13B42B75583C}.Release|x86.Build.0 = Release|Win32
		{40C82B52-CD1F-4D61-8D29-8B59869F167D}.Debug|x64.ActiveCfg = Debug|x64
		{40C82B52-CD1F-4D61-8D29-8B59869F167D}.Debug|x64.Build.0 = Debug|x64
		{40C82B52-CD1F-4D61-8D29-8B59869F167D}.Debug|x86.ActiveCfg = Debug|Win32
		{40C82B52-CD1F-4D61-8D29-8B59869F167D}.Debug|x86.Build.0 = Debug|Win32
		{40C82B52-CD1F-4D61-8D29-8B59869F167D}.Release|x64.ActiveCfg = Release|x64
		{40C82B52-CD1F-4D61-8D29-8B59869F167D}.Release|x64.Build.0 = Release|x64
		{40C82B52-CD1F-4D61-8D29-8B59869F167D}.Release|x86.ActiveCfg = Release|Win32
		{40C82B52-CD1F-4D61-8D29-8B59869F167D}.Release|x86.Build.0 = Release|Win32
		{95394226-0889-444F-868A-E6557E7A3F92}.Debug|x64.ActiveCfg = Debug|x64
		{95394226-0889-444F-868A-E6557E7A3F92}.Debug|x64.Build.0 = Debug|x64
		{95394226-0889-444F-868A-E6557E7A3F92}.Debug|x86.ActiveCfg = Debug|Win32
		{95394226-0889-444F-868A-E6557E7A3F92}.Debug|x86.Build.0 = Debug|Win32
		{95394226-0889-444F-868A-E6557E7A3F92}.Release|x64.ActiveCfg = Release|x64
		{95394226-0889-444F-868A-E6557E7A3F92}.Release|x64.Build.0 = Release|x64
		{95394226-0889-444F-868A-E6557E7A3F92}.Release|x86.ActiveCfg = Release|Win32
		{95394226-0889-444F-868A-E6557E7A3F92}.Release|x86.Build.0 = Release|Win32
		{F3EAAFD3-905A-4807-81ED-F960795B1821}.Debug|x64.ActiveCfg = Debug|x64
		{F3EAAFD3-905A-4807-81ED-F960795B1821}.Debug|x64.Build.0 = Debug|x64
		{F3EAAFD3-905A-4807-81ED-F960795B1821}.Debug|x86.ActiveCfg = Debug|Win32
		{F3EAAFD3-905A-4807-81ED-F960795B1821}.Debug|x86.Build.0 = Debug|Win32
		{F3EAAFD3-905A-4807-81ED-F960795B1821}.Release|x64.ActiveCfg = Release|x64
		{F3EAAFD3-905A-4807-81ED-F960795B1821}.Release|x64.Build.0 = Release|x64
		{F3EAAFD3-905A-4807-81ED-F960795B1821}.Release|x86.ActiveCfg = Release|Win32
		{F3EAAFD3-905A-4807-81ED-F960795B1821}.Release|x86.Build.0 = Release|Win32
		{55672F8A-FDDB-4E7D-8BB8-40CBADC6C2F1}.Debug|x64.ActiveCfg = Debug|x64
		{55672F8A-FDDB-4E7D-8BB8-40CBADC6C2F1}.Debug|x64.Build.0 = Debug|x64
		{55672F8A-FDDB-4E7D-8BB8-40CBADC6C2F1}.Debug|x86.ActiveCfg = Debug|Win32
		{55672F8A-FDDB-4E7D-8BB8-40CBADC6C2F1}.Debug|x86.Build.0 = Debug|Win32
		{55672F8A-FDDB-4E7D-8BB8-40CBADC6C2F1}.Release|x64.ActiveCfg = Release|x64
		{55672F8A-FDDB-4E7D-8BB8-40CBADC6C2F1}.Release|x64.Build.0 = Release|x64
		{55672F8A-FDDB-4E7D-8BB8-40CBADC6C2F1}.Release|x86.ActiveCfg = Release|Win32
		{55672F8A-FDDB-4E7D-8BB8-40CBADC6C2F1}.Release|x86.Build.0 = Release|Win32
	EndGlobalSection
	GlobalSection(SolutionProperties) = preSolution
		HideSolutionNode = FALSE
	EndGlobalSection
	GlobalSection(ExtensibilityGlobals) = postSolution
		SolutionGuid = {2CE71934-D236-4F4E-A2B6-8395A058C185}
	EndGlobalSection
EndGlobal
